
Microsoft Visual Studio Solution File, Format Version 12.00
# Visual Studio 15
VisualStudioVersion = 15.0.28010.2041
MinimumVisualStudioVersion = 10.0.40219.1
Project("{FAE04EC0-301F-11D3-BF4B-00C04F79EFBC}") = "Wcf_Service", "Wcf_Service\Wcf_Service.csproj", "{FB688061-2BE8-4678-8C9F-1D7728030D0A}"
EndProject
Project("{FAE04EC0-301F-11D3-BF4B-00C04F79EFBC}") = "host_wcf_winform", "host_wcf_winform\host_wcf_winform.csproj", "{CAD41FE8-9F25-4992-9299-EFD5164920E4}"
EndProject
Global
	GlobalSection(SolutionConfigurationPlatforms) = preSolution
		Debug|Any CPU = Debug|Any CPU
		Release|Any CPU = Release|Any CPU
	EndGlobalSection
	GlobalSection(ProjectConfigurationPlatforms) = postSolution
		{FB688061-2BE8-4678-8C9F-1D7728030D0A}.Debug|Any CPU.ActiveCfg = Debug|Any CPU
		{FB688061-2BE8-4678-8C9F-1D7728030D0A}.Debug|Any CPU.Build.0 = Debug|Any CPU
		{FB688061-2BE8-4678-8C9F-1D7728030D0A}.Release|Any CPU.ActiveCfg = Release|Any CPU
		{FB688061-2BE8-4678-8C9F-1D7728030D0A}.Release|Any CPU.Build.0 = Release|Any CPU
		{CAD41FE8-9F25-4992-9299-EFD5164920E4}.Debug|Any CPU.ActiveCfg = Debug|Any CPU
		{CAD41FE8-9F25-4992-9299-EFD5164920E4}.Debug|Any CPU.Build.0 = Debug|Any CPU
		{CAD41FE8-9F25-4992-9299-EFD5164920E4}.Release|Any CPU.ActiveCfg = Release|Any CPU
		{CAD41FE8-9F25-4992-9299-EFD5164920E4}.Release|Any CPU.Build.0 = Release|Any CPU
	EndGlobalSection
	GlobalSection(SolutionProperties) = preSolution
		HideSolutionNode = FALSE
	EndGlobalSection
	GlobalSection(ExtensibilityGlobals) = postSolution
		SolutionGuid = {EE9B210C-DF78-42CF-ACA6-5A99DD34CFA8}
	EndGlobalSection
EndGlobal
